github.com/BurntSushi/toml v1.6.0 h1:dRaEfpa2VI55EwlIW72hMRHdWouJeRF7TPYhI+AUQjk=
github.com/BurntSushi/toml v1.6.0/go.mod h1:ukJfTF/6rtPPRCnwkur4qwRxa8vTRFBF0uk2lLoLwho=
github.com/faustbrian/go-wire/v3 v3.0.0 h1:lNSSquTwH2ALHKahCbG2UuLkW/2n6yp4ptwy0iDSlVI=
github.com/faustbrian/go-wire/v3 v3.0.0/go.mod h1:lLjJuGHfmcUJgZG2RP0zUtHmh7gnnLeTeZR8W8XHxTQ=
github.com/faustbrian/go-xsd/v2 v2.0.0 h1:Rk6eqQOIOj6zj9u8+2hYmZP4wPsmCHmylqq2swrMLkI=
github.com/faustbrian/go-xsd/v2 v2.0.0/go.mod h1:1ZqJmJRvipPYtITF9rFQCyY80y3Hd8k4bE9At7Nbmg4=
github.com/fxamacker/cbor/v2 v2.9.4 h1:xwjVlxEMR3S605oUlgBjKLTTeGFciYPGYCtF/35LKGo=
github.com/fxamacker/cbor/v2 v2.9.4/go.mod h1:vM4b+DJCtHn+zz7h3FFp/hDAI9WNWCsZj23V5ytsSxQ=
github.com/vmihailenco/msgpack/v5 v5.4.1 h1:cQriyiUvjTwOHg8QZaPihLWeRAAVoCpE00IUPn0Bjt8=
github.com/vmihailenco/msgpack/v5 v5.4.1/go.mod h1:GaZTsDaehaPpQVyxrf5mtQlH+pc21PIudVV/E3rRQok=
github.com/vmihailenco/tagparser/v2 v2.0.0 h1:y09buUbR+b5aycVFQs/g70pqKVZNBmxwAhO7/IwNM9g=
github.com/vmihailenco/tagparser/v2 v2.0.0/go.mod h1:Wri+At7QHww0WTrCBeu4J6bNtoV6mEfg5OIWRZA9qds=
github.com/x448/float16 v0.8.4 h1:qLwI1I70+NjRFUR3zs1JPUCgaCXSh3SW62uAKT1mSBM=
github.com/x448/float16 v0.8.4/go.mod h1:14CWIYCyZA/cWjXOioeEpHeN/83MdbZDRQHoFcYsOfg=
go.mongodb.org/mongo-driver/v2 v2.9.1 h1:jewiFs2m1/VOQp8qhFshX6hWZ+EAXDhZHXExAUMcOgQ=
go.mongodb.org/mongo-driver/v2 v2.9.1/go.mod h1:SHKN0IWkKmEVGHLjXnni6s4wPKX4v86FTgOeJJFuXcA=
go.uber.org/goleak v1.3.0 h1:2K3zAYmnTNqV73imy9J1T3WC+gmCePx2hEGkimedGto=
go.uber.org/goleak v1.3.0/go.mod h1:CoHD4mav9JJNrW/WLlf7HGZPjdw8EucARQHekz1X6bE=
go.yaml.in/yaml/v4 v4.0.0-rc.6 h1:1h7H1ohdUh93/FyE4YaDa1Zh64K6VVbjF4K6WUxMtH4=
go.yaml.in/yaml/v4 v4.0.0-rc.6/go.mod h1:aZqd9kCMsGL7AuUv/m/PvWLdg5sjJsZ4oHDEnfPPfY0=
